
Microsoft Visual Studio Solution File, Format Version 12.00
# Visual Studio Version 17
VisualStudioVersion = 17.13.35818.85
MinimumVisualStudioVersion = 10.0.40219.1
Project("{FAE04EC0-301F-11D3-BF4B-00C04F79EFBC}") = "Lab3", "Lab3\Lab3.csproj", "{58450392-483B-422C-B8FA-B76D33129136}"
EndProject
Project("{FAE04EC0-301F-11D3-BF4B-00C04F79EFBC}") = "Test", "Test\Test.csproj", "{9AB5DE28-3913-43AC-ACD9-94F855A34A41}"
EndProject
Global
	GlobalSection(SolutionConfigurationPlatforms) = preSolution
		Debug|Any CPU = Debug|Any CPU
		Release|Any CPU = Release|Any CPU
	EndGlobalSection
	GlobalSection(ProjectConfigurationPlatforms) = postSolution
		{58450392-483B-422C-B8FA-B76D33129136}.Debug|Any CPU.ActiveCfg = Debug|Any CPU
		{58450392-483B-422C-B8FA-B76D33129136}.Debug|Any CPU.Build.0 = Debug|Any CPU
		{58450392-483B-422C-B8FA-B76D33129136}.Release|Any CPU.ActiveCfg = Release|Any CPU
		{58450392-483B-422C-B8FA-B76D33129136}.Release|Any CPU.Build.0 = Release|Any CPU
		{9AB5DE28-3913-43AC-ACD9-94F855A34A41}.Debug|Any CPU.ActiveCfg = Debug|Any CPU
		{9AB5DE28-3913-43AC-ACD9-94F855A34A41}.Debug|Any CPU.Build.0 = Debug|Any CPU
		{9AB5DE28-3913-43AC-ACD9-94F855A34A41}.Release|Any CPU.ActiveCfg = Release|Any CPU
		{9AB5DE28-3913-43AC-ACD9-94F855A34A41}.Release|Any CPU.Build.0 = Release|Any CPU
	EndGlobalSection
	GlobalSection(SolutionProperties) = preSolution
		HideSolutionNode = FALSE
	EndGlobalSection
	GlobalSection(ExtensibilityGlobals) = postSolution
		SolutionGuid = {0DC1373E-3854-4681-9571-9E9790EF1F9B}
	EndGlobalSection
EndGlobal
