
Microsoft Visual Studio Solution File, Format Version 12.00
# Visual Studio Version 17
VisualStudioVersion = 17.13.35818.85 d17.13
MinimumVisualStudioVersion = 10.0.40219.1
Project("{FAE04EC0-301F-11D3-BF4B-00C04F79EFBC}") = "LD5", "LD5\LD5.csproj", "{6DF16BFC-4630-463C-BE61-8E47A7530D19}"
EndProject
Global
	GlobalSection(SolutionConfigurationPlatforms) = preSolution
		Debug|Any CPU = Debug|Any CPU
		Release|Any CPU = Release|Any CPU
	EndGlobalSection
	GlobalSection(ProjectConfigurationPlatforms) = postSolution
		{6DF16BFC-4630-463C-BE61-8E47A7530D19}.Debug|Any CPU.ActiveCfg = Debug|Any CPU
		{6DF16BFC-4630-463C-BE61-8E47A7530D19}.Debug|Any CPU.Build.0 = Debug|Any CPU
		{6DF16BFC-4630-463C-BE61-8E47A7530D19}.Release|Any CPU.ActiveCfg = Release|Any CPU
		{6DF16BFC-4630-463C-BE61-8E47A7530D19}.Release|Any CPU.Build.0 = Release|Any CPU
	EndGlobalSection
	GlobalSection(SolutionProperties) = preSolution
		HideSolutionNode = FALSE
	EndGlobalSection
	GlobalSection(ExtensibilityGlobals) = postSolution
		SolutionGuid = {560951D0-0765-4F05-B23B-06E0E95507AD}
	EndGlobalSection
EndGlobal
